// !$*UTF8*$!
{
	archiveVersion = 1;
	classes = {
	};
	objectVersion = 56;
	objects = {

/* Begin PBXBuildFile section */
		884C51C12A9C314C00774E18 /* MobileWeatherAppApp.swift in Sources */ = {isa = PBXBuildFile; fileRef = 884C51C02A9C314C00774E18 /* MobileWeatherAppApp.swift */; };
		884C51C32A9C314C00774E18 /* ContentView.swift in Sources */ = {isa = PBXBuildFile; fileRef = 884C51C22A9C314C00774E18 /* ContentView.swift */; };
		884C51C52A9C314F00774E18 /* Assets.xcassets in Resources */ = {isa = PBXBuildFile; fileRef = 884C51C42A9C314F00774E18 /* Assets.xcassets */; };
		884C51C82A9C314F00774E18 /* Preview Assets.xcassets in Resources */ = {isa = PBXBuildFile; fileRef = 884C51C72A9C314F00774E18 /* Preview Assets.xcassets */; };
		884C51CF2A9C31DD00774E18 /* APIService.swift in Sources */ = {isa = PBXBuildFile; fileRef = 884C51CE2A9C31DC00774E18 /* APIService.swift */; };
		884C51D12A9C31FD00774E18 /* Forecast.swift in Sources */ = {isa = PBXBuildFile; fileRef = 884C51D02A9C31FD00774E18 /* Forecast.swift */; };
		884C51D42A9CDA0F00774E18 /* ForecastViewModel.swift in Sources */ = {isa = PBXBuildFile; fileRef = 884C51D32A9CDA0F00774E18 /* ForecastViewModel.swift */; };
		884C51D82A9CEE7000774E18 /* ForecastListViewModel.swift in Sources */ = {isa = PBXBuildFile; fileRef = 884C51D72A9CEE7000774E18 /* ForecastListViewModel.swift */; };
		884C51DB2A9D286200774E18 /* SDWebImageSwiftUI in Frameworks */ = {isa = PBXBuildFile; productRef = 884C51DA2A9D286200774E18 /* SDWebImageSwiftUI */; };
		8853A2E12A9E814B00BA5B89 /* UIApplication+Extensions.swift in Sources */ = {isa = PBXBuildFile; fileRef = 8853A2E02A9E814B00BA5B89 /* UIApplication+Extensions.swift */; };
		885432FE2A9FA64500AB615A /* APIServiceCombine.swift in Sources */ = {isa = PBXBuildFile; fileRef = 885432FD2A9FA64500AB615A /* APIServiceCombine.swift */; };
/* End PBXBuildFile section */

/* Begin PBXFileReference section */
		884C51BD2A9C314C00774E18 /* MobileWeatherApp.app */ = {isa = PBXFileReference; explicitFileType = wrapper.application; includeInIndex = 0; path = MobileWeatherApp.app; sourceTree = BUILT_PRODUCTS_DIR; };
		884C51C02A9C314C00774E18 /* MobileWeatherAppApp.swift */ = {isa = PBXFileReference; lastKnownFileType = sourcecode.swift; path = MobileWeatherAppApp.swift; sourceTree = "<group>"; };
		884C51C22A9C314C00774E18 /* ContentView.swift */ = {isa = PBXFileReference; lastKnownFileType = sourcecode.swift; path = ContentView.swift; sourceTree = "<group>"; };
		884C51C42A9C314F00774E18 /* Assets.xcassets */ = {isa = PBXFileReference; lastKnownFileType = folder.assetcatalog; path = Assets.xcassets; sourceTree = "<group>"; };
		884C51C72A9C314F00774E18 /* Preview Assets.xcassets */ = {isa = PBXFileReference; lastKnownFileType = folder.assetcatalog; path = "Preview Assets.xcassets"; sourceTree = "<group>"; };
		884C51CE2A9C31DC00774E18 /* APIService.swift */ = {isa = PBXFileReference; fileEncoding = 4; lastKnownFileType = sourcecode.swift; path = APIService.swift; sourceTree = "<group>"; };
		884C51D02A9C31FD00774E18 /* Forecast.swift */ = {isa = PBXFileReference; lastKnownFileType = sourcecode.swift; path = Forecast.swift; sourceTree = "<group>"; };
		884C51D32A9CDA0F00774E18 /* ForecastViewModel.swift */ = {isa = PBXFileReference; lastKnownFileType = sourcecode.swift; path = ForecastViewModel.swift; sourceTree = "<group>"; };
		884C51D72A9CEE7000774E18 /* ForecastListViewModel.swift */ = {isa = PBXFileReference; lastKnownFileType = sourcecode.swift; path = ForecastListViewModel.swift; sourceTree = "<group>"; };
		8853A2E02A9E814B00BA5B89 /* UIApplication+Extensions.swift */ = {isa = PBXFileReference; lastKnownFileType = sourcecode.swift; path = "UIApplication+Extensions.swift"; sourceTree = "<group>"; };
		885432FC2A9F8E4200AB615A /* Info.plist */ = {isa = PBXFileReference; lastKnownFileType = text.plist; path = Info.plist; sourceTree = "<group>"; };
		885432FD2A9FA64500AB615A /* APIServiceCombine.swift */ = {isa = PBXFileReference; lastKnownFileType = sourcecode.swift; path = APIServiceCombine.swift; sourceTree = "<group>"; };
/* End PBXFileReference section */

/* Begin PBXFrameworksBuildPhase section */
		884C51BA2A9C314C00774E18 /* Frameworks */ = {
			isa = PBXFrameworksBuildPhase;
			buildActionMask = 2147483647;
			files = (
				884C51DB2A9D286200774E18 /* SDWebImageSwiftUI in Frameworks */,
			);
			runOnlyForDeploymentPostprocessing = 0;
		};
/* End PBXFrameworksBuildPhase section */

/* Begin PBXGroup section */
		884C51B42A9C314C00774E18 = {
			isa = PBXGroup;
			children = (
				884C51BF2A9C314C00774E18 /* MobileWeatherApp */,
				884C51BE2A9C314C00774E18 /* Products */,
			);
			sourceTree = "<group>";
		};
		884C51BE2A9C314C00774E18 /* Products */ = {
			isa = PBXGroup;
			children = (
				884C51BD2A9C314C00774E18 /* MobileWeatherApp.app */,
			);
			name = Products;
			sourceTree = "<group>";
		};
		884C51BF2A9C314C00774E18 /* MobileWeatherApp */ = {
			isa = PBXGroup;
			children = (
				885432FC2A9F8E4200AB615A /* Info.plist */,
				8853A2DF2A9E813600BA5B89 /* Common */,
				884C51D52A9CDA1500774E18 /* Model */,
				884C51D62A9CDA2700774E18 /* View */,
				884C51D22A9CD9EE00774E18 /* ViewModel */,
				884C51C02A9C314C00774E18 /* MobileWeatherAppApp.swift */,
				884C51CE2A9C31DC00774E18 /* APIService.swift */,
				884C51C42A9C314F00774E18 /* Assets.xcassets */,
				884C51C62A9C314F00774E18 /* Preview Content */,
				884C51D02A9C31FD00774E18 /* Forecast.swift */,
				885432FD2A9FA64500AB615A /* APIServiceCombine.swift */,
			);
			path = MobileWeatherApp;
			sourceTree = "<group>";
		};
		884C51C62A9C314F00774E18 /* Preview Content */ = {
			isa = PBXGroup;
			children = (
				884C51C72A9C314F00774E18 /* Preview Assets.xcassets */,
			);
			path = "Preview Content";
			sourceTree = "<group>";
		};
		884C51D22A9CD9EE00774E18 /* ViewModel */ = {
			isa = PBXGroup;
			children = (
				884C51D32A9CDA0F00774E18 /* ForecastViewModel.swift */,
				884C51D72A9CEE7000774E18 /* ForecastListViewModel.swift */,
			);
			path = ViewModel;
			sourceTree = "<group>";
		};
		884C51D52A9CDA1500774E18 /* Model */ = {
			isa = PBXGroup;
			children = (
			);
			path = Model;
			sourceTree = "<group>";
		};
		884C51D62A9CDA2700774E18 /* View */ = {
			isa = PBXGroup;
			children = (
				884C51C22A9C314C00774E18 /* ContentView.swift */,
			);
			path = View;
			sourceTree = "<group>";
		};
		8853A2DF2A9E813600BA5B89 /* Common */ = {
			isa = PBXGroup;
			children = (
				8853A2E02A9E814B00BA5B89 /* UIApplication+Extensions.swift */,
			);
			path = Common;
			sourceTree = "<group>";
		};
/* End PBXGroup section */

/* Begin PBXNativeTarget section */
		884C51BC2A9C314C00774E18 /* MobileWeatherApp */ = {
			isa = PBXNativeTarget;
			buildConfigurationList = 884C51CB2A9C314F00774E18 /* Build configuration list for PBXNativeTarget "MobileWeatherApp" */;
			buildPhases = (
				884C51B92A9C314C00774E18 /* Sources */,
				884C51BA2A9C314C00774E18 /* Frameworks */,
				884C51BB2A9C314C00774E18 /* Resources */,
			);
			buildRules = (
			);
			dependencies = (
			);
			name = MobileWeatherApp;
			packageProductDependencies = (
				884C51DA2A9D286200774E18 /* SDWebImageSwiftUI */,
			);
			productName = MobileWeatherApp;
			productReference = 884C51BD2A9C314C00774E18 /* MobileWeatherApp.app */;
			productType = "com.apple.product-type.application";
		};
/* End PBXNativeTarget section */

/* Begin PBXProject section */
		884C51B52A9C314C00774E18 /* Project object */ = {
			isa = PBXProject;
			attributes = {
				BuildIndependentTargetsInParallel = 1;
				LastSwiftUpdateCheck = 1430;
				LastUpgradeCheck = 1430;
				TargetAttributes = {
					884C51BC2A9C314C00774E18 = {
						CreatedOnToolsVersion = 14.3.1;
					};
				};
			};
			buildConfigurationList = 884C51B82A9C314C00774E18 /* Build configuration list for PBXProject "MobileWeatherApp" */;
			compatibilityVersion = "Xcode 14.0";
			developmentRegion = en;
			hasScannedForEncodings = 0;
			knownRegions = (
				en,
				Base,
			);
			mainGroup = 884C51B42A9C314C00774E18;
			packageReferences = (
				884C51D92A9D286100774E18 /* XCRemoteSwiftPackageReference "SDWebImageSwiftUI" */,
			);
			productRefGroup = 884C51BE2A9C314C00774E18 /* Products */;
			projectDirPath = "";
			projectRoot = "";
			targets = (
				884C51BC2A9C314C00774E18 /* MobileWeatherApp */,
			);
		};
/* End PBXProject section */

/* Begin PBXResourcesBuildPhase section */
		884C51BB2A9C314C00774E18 /* Resources */ = {
			isa = PBXResourcesBuildPhase;
			buildActionMask = 2147483647;
			files = (
				884C51C82A9C314F00774E18 /* Preview Assets.xcassets in Resources */,
				884C51C52A9C314F00774E18 /* Assets.xcassets in Resources */,
			);
			runOnlyForDeploymentPostprocessing = 0;
		};
/* End PBXResourcesBuildPhase section */

/* Begin PBXSourcesBuildPhase section */
		884C51B92A9C314C00774E18 /* Sources */ = {
			isa = PBXSourcesBuildPhase;
			buildActionMask = 2147483647;
			files = (
				8853A2E12A9E814B00BA5B89 /* UIApplication+Extensions.swift in Sources */,
				884C51D12A9C31FD00774E18 /* Forecast.swift in Sources */,
				885432FE2A9FA64500AB615A /* APIServiceCombine.swift in Sources */,
				884C51C32A9C314C00774E18 /* ContentView.swift in Sources */,
				884C51CF2A9C31DD00774E18 /* APIService.swift in Sources */,
				884C51C12A9C314C00774E18 /* MobileWeatherAppApp.swift in Sources */,
				884C51D42A9CDA0F00774E18 /* ForecastViewModel.swift in Sources */,
				884C51D82A9CEE7000774E18 /* ForecastListViewModel.swift in Sources */,
			);
			runOnlyForDeploymentPostprocessing = 0;
		};
/* End PBXSourcesBuildPhase section */

/* Begin XCBuildConfiguration section */
		884C51C92A9C314F00774E18 /* Debug */ = {
			isa = XCBuildConfiguration;
			buildSettings = {
				ALWAYS_SEARCH_USER_PATHS = NO;
				CLANG_ANALYZER_NONNULL = YES;
				CLANG_ANALYZER_NUMBER_OBJECT_CONVERSION = YES_AGGRESSIVE;
				CLANG_CXX_LANGUAGE_STANDARD = "gnu++20";
				CLANG_ENABLE_MODULES = YES;
				CLANG_ENABLE_OBJC_ARC = YES;
				CLANG_ENABLE_OBJC_WEAK = YES;
				CLANG_WARN_BLOCK_CAPTURE_AUTORELEASING = YES;
				CLANG_WARN_BOOL_CONVERSION = YES;
				CLANG_WARN_COMMA = YES;
				CLANG_WARN_CONSTANT_CONVERSION = YES;
				CLANG_WARN_DEPRECATED_OBJC_IMPLEMENTATIONS = YES;
				CLANG_WARN_DIRECT_OBJC_ISA_USAGE = YES_ERROR;
				CLANG_WARN_DOCUMENTATION_COMMENTS = YES;
				CLANG_WARN_EMPTY_BODY = YES;
				CLANG_WARN_ENUM_CONVERSION = YES;
				CLANG_WARN_INFINITE_RECURSION = YES;
				CLANG_WARN_INT_CONVERSION = YES;
				CLANG_WARN_NON_LITERAL_NULL_CONVERSION = YES;
				CLANG_WARN_OBJC_IMPLICIT_RETAIN_SELF = YES;
				CLANG_WARN_OBJC_LITERAL_CONVERSION = YES;
				CLANG_WARN_OBJC_ROOT_CLASS = YES_ERROR;
				CLANG_WARN_QUOTED_INCLUDE_IN_FRAMEWORK_HEADER = YES;
				CLANG_WARN_RANGE_LOOP_ANALYSIS = YES;
				CLANG_WARN_STRICT_PROTOTYPES = YES;
				CLANG_WARN_SUSPICIOUS_MOVE = YES;
				CLANG_WARN_UNGUARDED_AVAILABILITY = YES_AGGRESSIVE;
				CLANG_WARN_UNREACHABLE_CODE = YES;
				CLANG_WARN__DUPLICATE_METHOD_MATCH = YES;
				COPY_PHASE_STRIP = NO;
				DEBUG_INFORMATION_FORMAT = dwarf;
				ENABLE_STRICT_OBJC_MSGSEND = YES;
				ENABLE_TESTABILITY = YES;
				GCC_C_LANGUAGE_STANDARD = gnu11;
				GCC_DYNAMIC_NO_PIC = NO;
				GCC_NO_COMMON_BLOCKS = YES;
				GCC_OPTIMIZATION_LEVEL = 0;
				GCC_PREPROCESSOR_DEFINITIONS = (
					"DEBUG=1",
					"$(inherited)",
				);
				GCC_WARN_64_TO_32_BIT_CONVERSION = YES;
				GCC_WARN_ABOUT_RETURN_TYPE = YES_ERROR;
				GCC_WARN_UNDECLARED_SELECTOR = YES;
				GCC_WARN_UNINITIALIZED_AUTOS = YES_AGGRESSIVE;
				GCC_WARN_UNUSED_FUNCTION = YES;
				GCC_WARN_UNUSED_VARIABLE = YES;
				IPHONEOS_DEPLOYMENT_TARGET = 16.4;
				MTL_ENABLE_DEBUG_INFO = INCLUDE_SOURCE;
				MTL_FAST_MATH = YES;
				ONLY_ACTIVE_ARCH = YES;
				SDKROOT = iphoneos;
				SWIFT_ACTIVE_COMPILATION_CONDITIONS = DEBUG;
				SWIFT_OPTIMIZATION_LEVEL = "-Onone";
			};
			name = Debug;
		};
		884C51CA2A9C314F00774E18 /* Release */ = {
			isa = XCBuildConfiguration;
			buildSettings = {
				ALWAYS_SEARCH_USER_PATHS = NO;
				CLANG_ANALYZER_NONNULL = YES;
				CLANG_ANALYZER_NUMBER_OBJECT_CONVERSION = YES_AGGRESSIVE;
				CLANG_CXX_LANGUAGE_STANDARD = "gnu++20";
				CLANG_ENABLE_MODULES = YES;
				CLANG_ENABLE_OBJC_ARC = YES;
				CLANG_ENABLE_OBJC_WEAK = YES;
				CLANG_WARN_BLOCK_CAPTURE_AUTORELEASING = YES;
				CLANG_WARN_BOOL_CONVERSION = YES;
				CLANG_WARN_COMMA = YES;
				CLANG_WARN_CONSTANT_CONVERSION = YES;
				CLANG_WARN_DEPRECATED_OBJC_IMPLEMENTATIONS = YES;
				CLANG_WARN_DIRECT_OBJC_ISA_USAGE = YES_ERROR;
				CLANG_WARN_DOCUMENTATION_COMMENTS = YES;
				CLANG_WARN_EMPTY_BODY = YES;
				CLANG_WARN_ENUM_CONVERSION = YES;
				CLANG_WARN_INFINITE_RECURSION = YES;
				CLANG_WARN_INT_CONVERSION = YES;
				CLANG_WARN_NON_LITERAL_NULL_CONVERSION = YES;
				CLANG_WARN_OBJC_IMPLICIT_RETAIN_SELF = YES;
				CLANG_WARN_OBJC_LITERAL_CONVERSION = YES;
				CLANG_WARN_OBJC_ROOT_CLASS = YES_ERROR;
				CLANG_WARN_QUOTED_INCLUDE_IN_FRAMEWORK_HEADER = YES;
				CLANG_WARN_RANGE_LOOP_ANALYSIS = YES;
				CLANG_WARN_STRICT_PROTOTYPES = YES;
				CLANG_WARN_SUSPICIOUS_MOVE = YES;
				CLANG_WARN_UNGUARDED_AVAILABILITY = YES_AGGRESSIVE;
				CLANG_WARN_UNREACHABLE_CODE = YES;
				CLANG_WARN__DUPLICATE_METHOD_MATCH = YES;
				COPY_PHASE_STRIP = NO;
				DEBUG_INFORMATION_FORMAT = "dwarf-with-dsym";
				ENABLE_NS_ASSERTIONS = NO;
				ENABLE_STRICT_OBJC_MSGSEND = YES;
				GCC_C_LANGUAGE_STANDARD = gnu11;
				GCC_NO_COMMON_BLOCKS = YES;
				GCC_WARN_64_TO_32_BIT_CONVERSION = YES;
				GCC_WARN_ABOUT_RETURN_TYPE = YES_ERROR;
				GCC_WARN_UNDECLARED_SELECTOR = YES;
				GCC_WARN_UNINITIALIZED_AUTOS = YES_AGGRESSIVE;
				GCC_WARN_UNUSED_FUNCTION = YES;
				GCC_WARN_UNUSED_VARIABLE = YES;
				IPHONEOS_DEPLOYMENT_TARGET = 16.4;
				MTL_ENABLE_DEBUG_INFO = NO;
				MTL_FAST_MATH = YES;
				SDKROOT = iphoneos;
				SWIFT_COMPILATION_MODE = wholemodule;
				SWIFT_OPTIMIZATION_LEVEL = "-O";
				VALIDATE_PRODUCT = YES;
			};
			name = Release;
		};
		884C51CC2A9C314F00774E18 /* Debug */ = {
			isa = XCBuildConfiguration;
			buildSettings = {
				ASSETCATALOG_COMPILER_APPICON_NAME = AppIcon;
				ASSETCATALOG_COMPILER_GLOBAL_ACCENT_COLOR_NAME = AccentColor;
				CODE_SIGN_STYLE = Automatic;
				CURRENT_PROJECT_VERSION = 1;
				DEVELOPMENT_ASSET_PATHS = "\"MobileWeatherApp/Preview Content\"";
				DEVELOPMENT_TEAM = 2RB6Z32558;
				ENABLE_PREVIEWS = YES;
				GENERATE_INFOPLIST_FILE = YES;
				INFOPLIST_FILE = MobileWeatherApp/Info.plist;
				INFOPLIST_KEY_UIApplicationSceneManifest_Generation = YES;
				INFOPLIST_KEY_UIApplicationSupportsIndirectInputEvents = YES;
				INFOPLIST_KEY_UISupportedInterfaceOrientations_iPad = "UIInterfaceOrientationPortrait UIInterfaceOrientationPortraitUpsideDown UIInterfaceOrientationLandscapeLeft UIInterfaceOrientationLandscapeRight";
				INFOPLIST_KEY_UISupportedInterfaceOrientations_iPhone = "UIInterfaceOrientationPortrait UIInterfaceOrientationLandscapeLeft UIInterfaceOrientationLandscapeRight";
				LD_RUNPATH_SEARCH_PATHS = (
					"$(inherited)",
					"@executable_path/Frameworks",
				);
				MARKETING_VERSION = 1.0;
				PRODUCT_BUNDLE_IDENTIFIER = staki.com.br.MobileWeatherApp;
				PRODUCT_NAME = "$(TARGET_NAME)";
				SWIFT_EMIT_LOC_STRINGS = YES;
				SWIFT_VERSION = 5.0;
				TARGETED_DEVICE_FAMILY = "1,2";
			};
			name = Debug;
		};
		884C51CD2A9C314F00774E18 /* Release */ = {
			isa = XCBuildConfiguration;
			buildSettings = {
				ASSETCATALOG_COMPILER_APPICON_NAME = AppIcon;
				ASSETCATALOG_COMPILER_GLOBAL_ACCENT_COLOR_NAME = AccentColor;
				CODE_SIGN_STYLE = Automatic;
				CURRENT_PROJECT_VERSION = 1;
				DEVELOPMENT_ASSET_PATHS = "\"MobileWeatherApp/Preview Content\"";
				DEVELOPMENT_TEAM = 2RB6Z32558;
				ENABLE_PREVIEWS = YES;
				GENERATE_INFOPLIST_FILE = YES;
				INFOPLIST_FILE = MobileWeatherApp/Info.plist;
				INFOPLIST_KEY_UIApplicationSceneManifest_Generation = YES;
				INFOPLIST_KEY_UIApplicationSupportsIndirectInputEvents = YES;
				INFOPLIST_KEY_UISupportedInterfaceOrientations_iPad = "UIInterfaceOrientationPortrait UIInterfaceOrientationPortraitUpsideDown UIInterfaceOrientationLandscapeLeft UIInterfaceOrientationLandscapeRight";
				INFOPLIST_KEY_UISupportedInterfaceOrientations_iPhone = "UIInterfaceOrientationPortrait UIInterfaceOrientationLandscapeLeft UIInterfaceOrientationLandscapeRight";
				LD_RUNPATH_SEARCH_PATHS = (
					"$(inherited)",
					"@executable_path/Frameworks",
				);
				MARKETING_VERSION = 1.0;
				PRODUCT_BUNDLE_IDENTIFIER = staki.com.br.MobileWeatherApp;
				PRODUCT_NAME = "$(TARGET_NAME)";
				SWIFT_EMIT_LOC_STRINGS = YES;
				SWIFT_VERSION = 5.0;
				TARGETED_DEVICE_FAMILY = "1,2";
			};
			name = Release;
		};
/* End XCBuildConfiguration section */

/* Begin XCConfigurationList section */
		884C51B82A9C314C00774E18 /* Build configuration list for PBXProject "MobileWeatherApp" */ = {
			isa = XCConfigurationList;
			buildConfigurations = (
				884C51C92A9C314F00774E18 /* Debug */,
				884C51CA2A9C314F00774E18 /* Release */,
			);
			defaultConfigurationIsVisible = 0;
			defaultConfigurationName = Release;
		};
		884C51CB2A9C314F00774E18 /* Build configuration list for PBXNativeTarget "MobileWeatherApp" */ = {
			isa = XCConfigurationList;
			buildConfigurations = (
				884C51CC2A9C314F00774E18 /* Debug */,
				884C51CD2A9C314F00774E18 /* Release */,
			);
			defaultConfigurationIsVisible = 0;
			defaultConfigurationName = Release;
		};
/* End XCConfigurationList section */

/* Begin XCRemoteSwiftPackageReference section */
		884C51D92A9D286100774E18 /* XCRemoteSwiftPackageReference "SDWebImageSwiftUI" */ = {
			isa = XCRemoteSwiftPackageReference;
			repositoryURL = "https://github.com/SDWebImage/SDWebImageSwiftUI.git";
			requirement = {
				kind = upToNextMajorVersion;
				minimumVersion = 2.0.0;
			};
		};
/* End XCRemoteSwiftPackageReference section */

/* Begin XCSwiftPackageProductDependency section */
		884C51DA2A9D286200774E18 /* SDWebImageSwiftUI */ = {
			isa = XCSwiftPackageProductDependency;
			package = 884C51D92A9D286100774E18 /* XCRemoteSwiftPackageReference "SDWebImageSwiftUI" */;
			productName = SDWebImageSwiftUI;
		};
/* End XCSwiftPackageProductDependency section */
	};
	rootObject = 884C51B52A9C314C00774E18 /* Project object */;
}
